
Microsoft Visual Studio Solution File, Format Version 12.00
# Visual Studio 15
VisualStudioVersion = 15.0.27004.2002
MinimumVisualStudioVersion = 10.0.40219.1
Project("{FAE04EC0-301F-11D3-BF4B-00C04F79EFBC}") = "Lab14", "Lab14\Lab14.csproj", "{45BD458D-2161-455B-AC5B-5B9AFEC40900}"
EndProject
Global
	GlobalSection(SolutionConfigurationPlatforms) = preSolution
		Debug|Any CPU = Debug|Any CPU
		Release|Any CPU = Release|Any CPU
	EndGlobalSection
	GlobalSection(ProjectConfigurationPlatforms) = postSolution
		{45BD458D-2161-455B-AC5B-5B9AFEC40900}.Debug|Any CPU.ActiveCfg = Debug|Any CPU
		{45BD458D-2161-455B-AC5B-5B9AFEC40900}.Debug|Any CPU.Build.0 = Debug|Any CPU
		{45BD458D-2161-455B-AC5B-5B9AFEC40900}.Release|Any CPU.ActiveCfg = Release|Any CPU
		{45BD458D-2161-455B-AC5B-5B9AFEC40900}.Release|Any CPU.Build.0 = Release|Any CPU
	EndGlobalSection
	GlobalSection(SolutionProperties) = preSolution
		HideSolutionNode = FALSE
	EndGlobalSection
	GlobalSection(ExtensibilityGlobals) = postSolution
		SolutionGuid = {E414AB79-6787-4AEA-A765-8CB758B7CF4F}
	EndGlobalSection
EndGlobal
